# This file is automatically @generated by Cargo.
# It is not intended for manual editing.
version = 3

[[package]]
name = "array-init"
version = "2.1.0"
source = "registry+https://github.com/rust-lang/crates.io-index"
checksum = "3d62b7694a562cdf5a74227903507c56ab2cc8bdd1f781ed5cb4cf9c9f810bfc"

[[package]]
name = "compiler"
version = "0.1.0"
dependencies = [
 "parser",
]

[[package]]
name = "enum-iterator"
version = "2.1.0"
source = "registry+https://github.com/rust-lang/crates.io-index"
checksum = "c280b9e6b3ae19e152d8e31cf47f18389781e119d4013a2a2bb0180e5facc635"
dependencies = [
 "enum-iterator-derive",
]

[[package]]
name = "enum-iterator-derive"
version = "1.4.0"
source = "registry+https://github.com/rust-lang/crates.io-index"
checksum = "a1ab991c1362ac86c61ab6f556cff143daa22e5a15e4e189df818b2fd19fe65b"
dependencies = [
 "proc-macro2",
 "quote",
 "syn",
]

[[package]]
name = "expr"
version = "0.1.0"

[[package]]
name = "lexer"
version = "0.1.0"
dependencies = [
 "token",
]

[[package]]
name = "parser"
version = "0.1.0"
dependencies = [
 "array-init",
 "enum-iterator",
 "lexer",
 "token",
]

[[package]]
name = "proc-macro2"
version = "1.0.86"
source = "registry+https://github.com/rust-lang/crates.io-index"
checksum = "5e719e8df665df0d1c8fbfd238015744736151d4445ec0836b8e628aae103b77"
dependencies = [
 "unicode-ident",
]

[[package]]
name = "quote"
version = "1.0.37"
source = "registry+https://github.com/rust-lang/crates.io-index"
checksum = "b5b9d34b8991d19d98081b46eacdd8eb58c6f2b201139f7c5f643cc155a633af"
dependencies = [
 "proc-macro2",
]

[[package]]
name = "syn"
version = "2.0.77"
source = "registry+https://github.com/rust-lang/crates.io-index"
checksum = "9f35bcdf61fd8e7be6caf75f429fdca8beb3ed76584befb503b1569faee373ed"
dependencies = [
 "proc-macro2",
 "quote",
 "unicode-ident",
]

[[package]]
name = "token"
version = "0.1.0"
dependencies = [
 "enum-iterator",
]

[[package]]
name = "unicode-ident"
version = "1.0.12"
source = "registry+https://github.com/rust-lang/crates.io-index"
checksum = "3354b9ac3fae1ff6755cb6db53683adb661634f67557942dea4facebec0fee4b"

[[package]]
name = "viskum-compiler"
version = "0.1.0"
dependencies = [
 "compiler",
]
